
Microsoft Visual Studio Solution File, Format Version 12.00
# Visual Studio 15
VisualStudioVersion = 15.0.26730.3
MinimumVisualStudioVersion = 10.0.40219.1
Project("{FAE04EC0-301F-11D3-BF4B-00C04F79EFBC}") = "P01", "P01\P01.csproj", "{4BA44F75-3719-4414-9D26-CF7E2D3FBE6E}"
EndProject
Global
	GlobalSection(SolutionConfigurationPlatforms) = preSolution
		Debug|Any CPU = Debug|Any CPU
		Release|Any CPU = Release|Any CPU
	EndGlobalSection
	GlobalSection(ProjectConfigurationPlatforms) = postSolution
		{4BA44F75-3719-4414-9D26-CF7E2D3FBE6E}.Debug|Any CPU.ActiveCfg = Debug|Any CPU
		{4BA44F75-3719-4414-9D26-CF7E2D3FBE6E}.Debug|Any CPU.Build.0 = Debug|Any CPU
		{4BA44F75-3719-4414-9D26-CF7E2D3FBE6E}.Release|Any CPU.ActiveCfg = Release|Any CPU
		{4BA44F75-3719-4414-9D26-CF7E2D3FBE6E}.Release|Any CPU.Build.0 = Release|Any CPU
	EndGlobalSection
	GlobalSection(SolutionProperties) = preSolution
		HideSolutionNode = FALSE
	EndGlobalSection
	GlobalSection(ExtensibilityGlobals) = postSolution
		SolutionGuid = {CF7DFE5E-F172-4C1D-89FA-E2318C5B6E23}
	EndGlobalSection
EndGlobal
